
Microsoft Visual Studio Solution File, Format Version 12.00
# Visual Studio Version 16
VisualStudioVersion = 16.0.30517.126
MinimumVisualStudioVersion = 10.0.40219.1
Project("{FAE04EC0-301F-11D3-BF4B-00C04F79EFBC}") = "StudentRegistration", "StudentRegistration.csproj", "{BED54B3E-F8E9-41B7-A8AF-C57F81236A17}"
EndProject
Project("{54435603-DBB4-11D2-8724-00A0C9A8B90C}") = "StudentRegistrationSystemDeploy", "StudentRegistrationSystem.vdproj", "{AA90C355-EF1E-444B-A696-AB87D893CED9}"
EndProject
Project("{2150E333-8FDC-42A3-9474-1A3956D46DE8}") = "Solution Items", "Solution Items", "{201F458E-14F3-4175-ACE8-4BA7B3F4DEC0}"
EndProject
Global
	GlobalSection(SolutionConfigurationPlatforms) = preSolution
		Debug|Any CPU = Debug|Any CPU
		Release|Any CPU = Release|Any CPU
	EndGlobalSection
	GlobalSection(ProjectConfigurationPlatforms) = postSolution
		{BED54B3E-F8E9-41B7-A8AF-C57F81236A17}.Debug|Any CPU.ActiveCfg = Debug|Any CPU
		{BED54B3E-F8E9-41B7-A8AF-C57F81236A17}.Debug|Any CPU.Build.0 = Debug|Any CPU
		{BED54B3E-F8E9-41B7-A8AF-C57F81236A17}.Release|Any CPU.ActiveCfg = Release|Any CPU
		{BED54B3E-F8E9-41B7-A8AF-C57F81236A17}.Release|Any CPU.Build.0 = Release|Any CPU
		{AA90C355-EF1E-444B-A696-AB87D893CED9}.Debug|Any CPU.ActiveCfg = Debug
		{AA90C355-EF1E-444B-A696-AB87D893CED9}.Release|Any CPU.ActiveCfg = Release
	EndGlobalSection
	GlobalSection(SolutionProperties) = preSolution
		HideSolutionNode = FALSE
	EndGlobalSection
	GlobalSection(ExtensibilityGlobals) = postSolution
		SolutionGuid = {A9D3FCB4-3E13-44E7-A845-AF8360855098}
	EndGlobalSection
EndGlobal
